
Microsoft Visual Studio Solution File, Format Version 12.00
# Visual Studio Version 17
VisualStudioVersion = 17.8.34511.84
MinimumVisualStudioVersion = 10.0.40219.1
Project("{FAE04EC0-301F-11D3-BF4B-00C04F79EFBC}") = "CanvassHelp", "CanvassHelp.csproj", "{1DC0C8ED-BFC5-4830-8050-F60BBFF555DD}"
EndProject
Global
	GlobalSection(SolutionConfigurationPlatforms) = preSolution
		Debug|Any CPU = Debug|Any CPU
		Release|Any CPU = Release|Any CPU
	EndGlobalSection
	GlobalSection(ProjectConfigurationPlatforms) = postSolution
		{1DC0C8ED-BFC5-4830-8050-F60BBFF555DD}.Debug|Any CPU.ActiveCfg = Debug|Any CPU
		{1DC0C8ED-BFC5-4830-8050-F60BBFF555DD}.Debug|Any CPU.Build.0 = Debug|Any CPU
		{1DC0C8ED-BFC5-4830-8050-F60BBFF555DD}.Release|Any CPU.ActiveCfg = Release|Any CPU
		{1DC0C8ED-BFC5-4830-8050-F60BBFF555DD}.Release|Any CPU.Build.0 = Release|Any CPU
	EndGlobalSection
	GlobalSection(SolutionProperties) = preSolution
		HideSolutionNode = FALSE
	EndGlobalSection
	GlobalSection(ExtensibilityGlobals) = postSolution
		SolutionGuid = {63A45E0A-3230-43E8-BFA2-0093E8EFA1DC}
	EndGlobalSection
EndGlobal
